PODS:
  - MSSTabbedPageViewController (0.2.7)

DEPENDENCIES:
  - MSSTabbedPageViewController (from `../../`)

EXTERNAL SOURCES:
  MSSTabbedPageViewController:
    :path: ../../

SPEC CHECKSUMS:
  MSSTabbedPageViewController: c4e62244719c5d5357761093752d56263fe90397

PODFILE CHECKSUM: dfa9ce445aadc8047861e1d808b1a18613f50bb3

COCOAPODS: 1.0.0
