// !$*UTF8*$!
{
	archiveVersion = 1;
	classes = {
	};
	objectVersion = 46;
	objects = {

/* Begin PBXBuildFile section */
		46334F171CBBBB7C00DFCEA2 /* StylesViewController.m in Sources */ = {isa = PBXBuildFile; fileRef = 46334F161CBBBB7C00DFCEA2 /* StylesViewController.m */; };
		46334F1B1CBBBCBC00DFCEA2 /* TabControllerStyle.m in Sources */ = {isa = PBXBuildFile; fileRef = 46334F1A1CBBBCBC00DFCEA2 /* TabControllerStyle.m */; };
		D65593011C47F275000CAD99 /* AppDelegate.m in Sources */ = {isa = PBXBuildFile; fileRef = D65592F51C47F275000CAD99 /* AppDelegate.m */; };
		D65593021C47F275000CAD99 /* main.m in Sources */ = {isa = PBXBuildFile; fileRef = D65592F61C47F275000CAD99 /* main.m */; };
		D65593031C47F275000CAD99 /* Assets.xcassets in Resources */ = {isa = PBXBuildFile; fileRef = D65592F81C47F275000CAD99 /* Assets.xcassets */; };
		D65593051C47F275000CAD99 /* LaunchScreen.storyboard in Resources */ = {isa = PBXBuildFile; fileRef = D65592FA1C47F275000CAD99 /* LaunchScreen.storyboard */; };
		D65593061C47F275000CAD99 /* Main.storyboard in Resources */ = {isa = PBXBuildFile; fileRef = D65592FC1C47F275000CAD99 /* Main.storyboard */; };
		D65593071C47F275000CAD99 /* TabViewController.m in Sources */ = {isa = PBXBuildFile; fileRef = D65592FE1C47F275000CAD99 /* TabViewController.m */; };
		D65593081C47F275000CAD99 /* ChildViewController.m in Sources */ = {isa = PBXBuildFile; fileRef = D65593001C47F275000CAD99 /* ChildViewController.m */; };
		E945DCBA1E22CBC347EE4624 /* libPods-Paged Tabs Example.a in Frameworks */ = {isa = PBXBuildFile; fileRef = 149A6EE6D7DD6246276DCE40 /* libPods-Paged Tabs Example.a */; };
/* End PBXBuildFile section */

/* Begin PBXFileReference section */
		149A6EE6D7DD6246276DCE40 /* libPods-Paged Tabs Example.a */ = {isa = PBXFileReference; explicitFileType = archive.ar; includeInIndex = 0; path = "libPods-Paged Tabs Example.a"; sourceTree = BUILT_PRODUCTS_DIR; };
		46334F151CBBBB7C00DFCEA2 /* StylesViewController.h */ = {isa = PBXFileReference; fileEncoding = 4; lastKnownFileType = sourcecode.c.h; path = StylesViewController.h; sourceTree = "<group>"; };
		46334F161CBBBB7C00DFCEA2 /* StylesViewController.m */ = {isa = PBXFileReference; fileEncoding = 4; lastKnownFileType = sourcecode.c.objc; path = StylesViewController.m; sourceTree = "<group>"; };
		46334F191CBBBCBC00DFCEA2 /* TabControllerStyle.h */ = {isa = PBXFileReference; fileEncoding = 4; lastKnownFileType = sourcecode.c.h; path = TabControllerStyle.h; sourceTree = "<group>"; };
		46334F1A1CBBBCBC00DFCEA2 /* TabControllerStyle.m */ = {isa = PBXFileReference; fileEncoding = 4; lastKnownFileType = sourcecode.c.objc; path = TabControllerStyle.m; sourceTree = "<group>"; };
		46FA81BF1C2C18FE0020BB60 /* Example.app */ = {isa = PBXFileReference; explicitFileType = wrapper.application; includeInIndex = 0; path = Example.app; sourceTree = BUILT_PRODUCTS_DIR; };
		5107936AB325CDA708C83D23 /* Pods-Paged Tabs Example.release.xcconfig */ = {isa = PBXFileReference; includeInIndex = 1; lastKnownFileType = text.xcconfig; name = "Pods-Paged Tabs Example.release.xcconfig"; path = "Pods/Target Support Files/Pods-Paged Tabs Example/Pods-Paged Tabs Example.release.xcconfig"; sourceTree = "<group>"; };
		701B15BA1219674E16F8C341 /* Pods-Paged Tabs Example.debug.xcconfig */ = {isa = PBXFileReference; includeInIndex = 1; lastKnownFileType = text.xcconfig; name = "Pods-Paged Tabs Example.debug.xcconfig"; path = "Pods/Target Support Files/Pods-Paged Tabs Example/Pods-Paged Tabs Example.debug.xcconfig"; sourceTree = "<group>"; };
		D65592F41C47F275000CAD99 /* AppDelegate.h */ = {isa = PBXFileReference; fileEncoding = 4; lastKnownFileType = sourcecode.c.h; path = AppDelegate.h; sourceTree = "<group>"; };
		D65592F51C47F275000CAD99 /* AppDelegate.m */ = {isa = PBXFileReference; fileEncoding = 4; lastKnownFileType = sourcecode.c.objc; path = AppDelegate.m; sourceTree = "<group>"; };
		D65592F61C47F275000CAD99 /* main.m */ = {isa = PBXFileReference; fileEncoding = 4; lastKnownFileType = sourcecode.c.objc; path = main.m; sourceTree = "<group>"; };
		D65592F81C47F275000CAD99 /* Assets.xcassets */ = {isa = PBXFileReference; lastKnownFileType = folder.assetcatalog; path = Assets.xcassets; sourceTree = "<group>"; };
		D65592F91C47F275000CAD99 /* Info.plist */ = {isa = PBXFileReference; fileEncoding = 4; lastKnownFileType = text.plist.xml; path = Info.plist; sourceTree = "<group>"; };
		D65592FA1C47F275000CAD99 /* LaunchScreen.storyboard */ = {isa = PBXFileReference; fileEncoding = 4; lastKnownFileType = file.storyboard; path = LaunchScreen.storyboard; sourceTree = "<group>"; };
		D65592FC1C47F275000CAD99 /* Main.storyboard */ = {isa = PBXFileReference; fileEncoding = 4; lastKnownFileType = file.storyboard; path = Main.storyboard; sourceTree = "<group>"; };
		D65592FD1C47F275000CAD99 /* TabViewController.h */ = {isa = PBXFileReference; fileEncoding = 4; lastKnownFileType = sourcecode.c.h; path = TabViewController.h; sourceTree = "<group>"; };
		D65592FE1C47F275000CAD99 /* TabViewController.m */ = {isa = PBXFileReference; fileEncoding = 4; lastKnownFileType = sourcecode.c.objc; path = TabViewController.m; sourceTree = "<group>"; };
		D65592FF1C47F275000CAD99 /* ChildViewController.h */ = {isa = PBXFileReference; fileEncoding = 4; lastKnownFileType = sourcecode.c.h; path = ChildViewController.h; sourceTree = "<group>"; };
		D65593001C47F275000CAD99 /* ChildViewController.m */ = {isa = PBXFileReference; fileEncoding = 4; lastKnownFileType = sourcecode.c.objc; path = ChildViewController.m; sourceTree = "<group>"; };
/* End PBXFileReference section */

/* Begin PBXFrameworksBuildPhase section */
		46FA81BC1C2C18FE0020BB60 /* Frameworks */ = {
			isa = PBXFrameworksBuildPhase;
			buildActionMask = 2147483647;
			files = (
				E945DCBA1E22CBC347EE4624 /* libPods-Paged Tabs Example.a in Frameworks */,
			);
			runOnlyForDeploymentPostprocessing = 0;
		};
/* End PBXFrameworksBuildPhase section */

/* Begin PBXGroup section */
		0C6393D457D15B8EE812DEA8 /* Frameworks */ = {
			isa = PBXGroup;
			children = (
				149A6EE6D7DD6246276DCE40 /* libPods-Paged Tabs Example.a */,
			);
			name = Frameworks;
			sourceTree = "<group>";
		};
		46334F181CBBBC9E00DFCEA2 /* Model */ = {
			isa = PBXGroup;
			children = (
				46334F191CBBBCBC00DFCEA2 /* TabControllerStyle.h */,
				46334F1A1CBBBCBC00DFCEA2 /* TabControllerStyle.m */,
			);
			path = Model;
			sourceTree = "<group>";
		};
		46FA81B61C2C18FE0020BB60 = {
			isa = PBXGroup;
			children = (
				D65592F31C47F275000CAD99 /* Paged Tabs Example */,
				46FA81C01C2C18FE0020BB60 /* Products */,
				B08E52CA33BE40D3111B41A1 /* Pods */,
				0C6393D457D15B8EE812DEA8 /* Frameworks */,
			);
			sourceTree = "<group>";
		};
		46FA81C01C2C18FE0020BB60 /* Products */ = {
			isa = PBXGroup;
			children = (
				46FA81BF1C2C18FE0020BB60 /* Example.app */,
			);
			name = Products;
			sourceTree = "<group>";
		};
		B08E52CA33BE40D3111B41A1 /* Pods */ = {
			isa = PBXGroup;
			children = (
				701B15BA1219674E16F8C341 /* Pods-Paged Tabs Example.debug.xcconfig */,
				5107936AB325CDA708C83D23 /* Pods-Paged Tabs Example.release.xcconfig */,
			);
			name = Pods;
			sourceTree = "<group>";
		};
		D65592F31C47F275000CAD99 /* Paged Tabs Example */ = {
			isa = PBXGroup;
			children = (
				D65592F41C47F275000CAD99 /* AppDelegate.h */,
				D65592F51C47F275000CAD99 /* AppDelegate.m */,
				D65592F71C47F275000CAD99 /* Resources */,
				46334F181CBBBC9E00DFCEA2 /* Model */,
				D65592FB1C47F275000CAD99 /* Screens */,
				D65593091C47F27A000CAD99 /* Supporting Files */,
			);
			path = "Paged Tabs Example";
			sourceTree = "<group>";
		};
		D65592F71C47F275000CAD99 /* Resources */ = {
			isa = PBXGroup;
			children = (
				D65592F81C47F275000CAD99 /* Assets.xcassets */,
				D65592F91C47F275000CAD99 /* Info.plist */,
				D65592FA1C47F275000CAD99 /* LaunchScreen.storyboard */,
			);
			path = Resources;
			sourceTree = "<group>";
		};
		D65592FB1C47F275000CAD99 /* Screens */ = {
			isa = PBXGroup;
			children = (
				D65592FC1C47F275000CAD99 /* Main.storyboard */,
				46334F151CBBBB7C00DFCEA2 /* StylesViewController.h */,
				46334F161CBBBB7C00DFCEA2 /* StylesViewController.m */,
				D65592FD1C47F275000CAD99 /* TabViewController.h */,
				D65592FE1C47F275000CAD99 /* TabViewController.m */,
				D65592FF1C47F275000CAD99 /* ChildViewController.h */,
				D65593001C47F275000CAD99 /* ChildViewController.m */,
			);
			path = Screens;
			sourceTree = "<group>";
		};
		D65593091C47F27A000CAD99 /* Supporting Files */ = {
			isa = PBXGroup;
			children = (
				D65592F61C47F275000CAD99 /* main.m */,
			);
			name = "Supporting Files";
			sourceTree = "<group>";
		};
/* End PBXGroup section */

/* Begin PBXNativeTarget section */
		46FA81BE1C2C18FE0020BB60 /* Paged Tabs Example */ = {
			isa = PBXNativeTarget;
			buildConfigurationList = 46FA81D61C2C18FE0020BB60 /* Build configuration list for PBXNativeTarget "Paged Tabs Example" */;
			buildPhases = (
				EE09CE227179E1F5BAE4A211 /* 📦 Check Pods Manifest.lock */,
				46FA81BB1C2C18FE0020BB60 /* Sources */,
				46FA81BC1C2C18FE0020BB60 /* Frameworks */,
				46FA81BD1C2C18FE0020BB60 /* Resources */,
				2F90482B7AC34ACDF07BE9F2 /* 📦 Embed Pods Frameworks */,
				308191F38190CDE33E7EF005 /* 📦 Copy Pods Resources */,
			);
			buildRules = (
			);
			dependencies = (
			);
			name = "Paged Tabs Example";
			productName = TabbedPageViewController;
			productReference = 46FA81BF1C2C18FE0020BB60 /* Example.app */;
			productType = "com.apple.product-type.application";
		};
/* End PBXNativeTarget section */

/* Begin PBXProject section */
		46FA81B71C2C18FE0020BB60 /* Project object */ = {
			isa = PBXProject;
			attributes = {
				CLASSPREFIX = MSS;
				LastUpgradeCheck = 0720;
				ORGANIZATIONNAME = "Merrick Sapsford";
				TargetAttributes = {
					46FA81BE1C2C18FE0020BB60 = {
						CreatedOnToolsVersion = 7.0;
					};
				};
			};
			buildConfigurationList = 46FA81BA1C2C18FE0020BB60 /* Build configuration list for PBXProject "Paged Tabs Example" */;
			compatibilityVersion = "Xcode 3.2";
			developmentRegion = English;
			hasScannedForEncodings = 0;
			knownRegions = (
				en,
				Base,
			);
			mainGroup = 46FA81B61C2C18FE0020BB60;
			productRefGroup = 46FA81C01C2C18FE0020BB60 /* Products */;
			projectDirPath = "";
			projectRoot = "";
			targets = (
				46FA81BE1C2C18FE0020BB60 /* Paged Tabs Example */,
			);
		};
/* End PBXProject section */

/* Begin PBXResourcesBuildPhase section */
		46FA81BD1C2C18FE0020BB60 /* Resources */ = {
			isa = PBXResourcesBuildPhase;
			buildActionMask = 2147483647;
			files = (
				D65593051C47F275000CAD99 /* LaunchScreen.storyboard in Resources */,
				D65593031C47F275000CAD99 /* Assets.xcassets in Resources */,
				D65593061C47F275000CAD99 /* Main.storyboard in Resources */,
			);
			runOnlyForDeploymentPostprocessing = 0;
		};
/* End PBXResourcesBuildPhase section */

/* Begin PBXShellScriptBuildPhase section */
		2F90482B7AC34ACDF07BE9F2 /* 📦 Embed Pods Frameworks */ = {
			isa = PBXShellScriptBuildPhase;
			buildActionMask = 2147483647;
			files = (
			);
			inputPaths = (
			);
			name = "📦 Embed Pods Frameworks";
			outputPaths = (
			);
			runOnlyForDeploymentPostprocessing = 0;
			shellPath = /bin/sh;
			shellScript = "\"${SRCROOT}/Pods/Target Support Files/Pods-Paged Tabs Example/Pods-Paged Tabs Example-frameworks.sh\"\n";
			showEnvVarsInLog = 0;
		};
		308191F38190CDE33E7EF005 /* 📦 Copy Pods Resources */ = {
			isa = PBXShellScriptBuildPhase;
			buildActionMask = 2147483647;
			files = (
			);
			inputPaths = (
			);
			name = "📦 Copy Pods Resources";
			outputPaths = (
			);
			runOnlyForDeploymentPostprocessing = 0;
			shellPath = /bin/sh;
			shellScript = "\"${SRCROOT}/Pods/Target Support Files/Pods-Paged Tabs Example/Pods-Paged Tabs Example-resources.sh\"\n";
			showEnvVarsInLog = 0;
		};
		EE09CE227179E1F5BAE4A211 /* 📦 Check Pods Manifest.lock */ = {
			isa = PBXShellScriptBuildPhase;
			buildActionMask = 2147483647;
			files = (
			);
			inputPaths = (
			);
			name = "📦 Check Pods Manifest.lock";
			outputPaths = (
			);
			runOnlyForDeploymentPostprocessing = 0;
			shellPath = /bin/sh;
			shellScript = "diff \"${PODS_ROOT}/../Podfile.lock\" \"${PODS_ROOT}/Manifest.lock\" > /dev/null\nif [[ $? != 0 ]] ; then\n    cat << EOM\nerror: The sandbox is not in sync with the Podfile.lock. Run 'pod install' or update your CocoaPods installation.\nEOM\n    exit 1\nfi\n";
			showEnvVarsInLog = 0;
		};
/* End PBXShellScriptBuildPhase section */

/* Begin PBXSourcesBuildPhase section */
		46FA81BB1C2C18FE0020BB60 /* Sources */ = {
			isa = PBXSourcesBuildPhase;
			buildActionMask = 2147483647;
			files = (
				D65593071C47F275000CAD99 /* TabViewController.m in Sources */,
				D65593021C47F275000CAD99 /* main.m in Sources */,
				46334F1B1CBBBCBC00DFCEA2 /* TabControllerStyle.m in Sources */,
				D65593081C47F275000CAD99 /* ChildViewController.m in Sources */,
				46334F171CBBBB7C00DFCEA2 /* StylesViewController.m in Sources */,
				D65593011C47F275000CAD99 /* AppDelegate.m in Sources */,
			);
			runOnlyForDeploymentPostprocessing = 0;
		};
/* End PBXSourcesBuildPhase section */

/* Begin XCBuildConfiguration section */
		46FA81D41C2C18FE0020BB60 /* Debug */ = {
			isa = XCBuildConfiguration;
			buildSettings = {
				ALWAYS_SEARCH_USER_PATHS = NO;
				CLANG_CXX_LANGUAGE_STANDARD = "gnu++0x";
				CLANG_CXX_LIBRARY = "libc++";
				CLANG_ENABLE_MODULES = YES;
				CLANG_ENABLE_OBJC_ARC = YES;
				CLANG_WARN_BOOL_CONVERSION = YES;
				CLANG_WARN_CONSTANT_CONVERSION = YES;
				CLANG_WARN_DIRECT_OBJC_ISA_USAGE = YES_ERROR;
				CLANG_WARN_EMPTY_BODY = YES;
				CLANG_WARN_ENUM_CONVERSION = YES;
				CLANG_WARN_INT_CONVERSION = YES;
				CLANG_WARN_OBJC_ROOT_CLASS = YES_ERROR;
				CLANG_WARN_UNREACHABLE_CODE = YES;
				CLANG_WARN__DUPLICATE_METHOD_MATCH = YES;
				"CODE_SIGN_IDENTITY[sdk=iphoneos*]" = "iPhone Developer";
				COPY_PHASE_STRIP = NO;
				DEBUG_INFORMATION_FORMAT = dwarf;
				ENABLE_STRICT_OBJC_MSGSEND = YES;
				ENABLE_TESTABILITY = YES;
				GCC_C_LANGUAGE_STANDARD = gnu99;
				GCC_DYNAMIC_NO_PIC = NO;
				GCC_NO_COMMON_BLOCKS = YES;
				GCC_OPTIMIZATION_LEVEL = 0;
				GCC_PREPROCESSOR_DEFINITIONS = (
					"DEBUG=1",
					"$(inherited)",
				);
				GCC_WARN_64_TO_32_BIT_CONVERSION = YES;
				GCC_WARN_ABOUT_RETURN_TYPE = YES_ERROR;
				GCC_WARN_UNDECLARED_SELECTOR = YES;
				GCC_WARN_UNINITIALIZED_AUTOS = YES_AGGRESSIVE;
				GCC_WARN_UNUSED_FUNCTION = YES;
				GCC_WARN_UNUSED_VARIABLE = YES;
				IPHONEOS_DEPLOYMENT_TARGET = 9.0;
				MTL_ENABLE_DEBUG_INFO = YES;
				ONLY_ACTIVE_ARCH = YES;
				SDKROOT = iphoneos;
				TARGETED_DEVICE_FAMILY = "1,2";
			};
			name = Debug;
		};
		46FA81D51C2C18FE0020BB60 /* Release */ = {
			isa = XCBuildConfiguration;
			buildSettings = {
				ALWAYS_SEARCH_USER_PATHS = NO;
				CLANG_CXX_LANGUAGE_STANDARD = "gnu++0x";
				CLANG_CXX_LIBRARY = "libc++";
				CLANG_ENABLE_MODULES = YES;
				CLANG_ENABLE_OBJC_ARC = YES;
				CLANG_WARN_BOOL_CONVERSION = YES;
				CLANG_WARN_CONSTANT_CONVERSION = YES;
				CLANG_WARN_DIRECT_OBJC_ISA_USAGE = YES_ERROR;
				CLANG_WARN_EMPTY_BODY = YES;
				CLANG_WARN_ENUM_CONVERSION = YES;
				CLANG_WARN_INT_CONVERSION = YES;
				CLANG_WARN_OBJC_ROOT_CLASS = YES_ERROR;
				CLANG_WARN_UNREACHABLE_CODE = YES;
				CLANG_WARN__DUPLICATE_METHOD_MATCH = YES;
				"CODE_SIGN_IDENTITY[sdk=iphoneos*]" = "iPhone Developer";
				COPY_PHASE_STRIP = NO;
				DEBUG_INFORMATION_FORMAT = "dwarf-with-dsym";
				ENABLE_NS_ASSERTIONS = NO;
				ENABLE_STRICT_OBJC_MSGSEND = YES;
				GCC_C_LANGUAGE_STANDARD = gnu99;
				GCC_NO_COMMON_BLOCKS = YES;
				GCC_WARN_64_TO_32_BIT_CONVERSION = YES;
				GCC_WARN_ABOUT_RETURN_TYPE = YES_ERROR;
				GCC_WARN_UNDECLARED_SELECTOR = YES;
				GCC_WARN_UNINITIALIZED_AUTOS = YES_AGGRESSIVE;
				GCC_WARN_UNUSED_FUNCTION = YES;
				GCC_WARN_UNUSED_VARIABLE = YES;
				IPHONEOS_DEPLOYMENT_TARGET = 9.0;
				MTL_ENABLE_DEBUG_INFO = NO;
				SDKROOT = iphoneos;
				TARGETED_DEVICE_FAMILY = "1,2";
				VALIDATE_PRODUCT = YES;
			};
			name = Release;
		};
		46FA81D71C2C18FE0020BB60 /* Debug */ = {
			isa = XCBuildConfiguration;
			baseConfigurationReference = 701B15BA1219674E16F8C341 /* Pods-Paged Tabs Example.debug.xcconfig */;
			buildSettings = {
				ASSETCATALOG_COMPILER_APPICON_NAME = AppIcon;
				INFOPLIST_FILE = "$(SRCROOT)/Paged Tabs Example/Resources/Info.plist";
				IPHONEOS_DEPLOYMENT_TARGET = 8.0;
				LD_RUNPATH_SEARCH_PATHS = "$(inherited) @executable_path/Frameworks";
				PRODUCT_BUNDLE_IDENTIFIER = com.msapsford.pagedTabsExample;
				PRODUCT_NAME = Example;
			};
			name = Debug;
		};
		46FA81D81C2C18FE0020BB60 /* Release */ = {
			isa = XCBuildConfiguration;
			baseConfigurationReference = 5107936AB325CDA708C83D23 /* Pods-Paged Tabs Example.release.xcconfig */;
			buildSettings = {
				ASSETCATALOG_COMPILER_APPICON_NAME = AppIcon;
				INFOPLIST_FILE = "$(SRCROOT)/Paged Tabs Example/Resources/Info.plist";
				IPHONEOS_DEPLOYMENT_TARGET = 8.0;
				LD_RUNPATH_SEARCH_PATHS = "$(inherited) @executable_path/Frameworks";
				PRODUCT_BUNDLE_IDENTIFIER = com.msapsford.pagedTabsExample;
				PRODUCT_NAME = Example;
			};
			name = Release;
		};
/* End XCBuildConfiguration section */

/* Begin XCConfigurationList section */
		46FA81BA1C2C18FE0020BB60 /* Build configuration list for PBXProject "Paged Tabs Example" */ = {
			isa = XCConfigurationList;
			buildConfigurations = (
				46FA81D41C2C18FE0020BB60 /* Debug */,
				46FA81D51C2C18FE0020BB60 /* Release */,
			);
			defaultConfigurationIsVisible = 0;
			defaultConfigurationName = Release;
		};
		46FA81D61C2C18FE0020BB60 /* Build configuration list for PBXNativeTarget "Paged Tabs Example" */ = {
			isa = XCConfigurationList;
			buildConfigurations = (
				46FA81D71C2C18FE0020BB60 /* Debug */,
				46FA81D81C2C18FE0020BB60 /* Release */,
			);
			defaultConfigurationIsVisible = 0;
			defaultConfigurationName = Release;
		};
/* End XCConfigurationList section */
	};
	rootObject = 46FA81B71C2C18FE0020BB60 /* Project object */;
}
