// !$*UTF8*$!
{
	archiveVersion = 1;
	classes = {
	};
	objectVersion = 46;
	objects = {

/* Begin PBXBuildFile section */
		46334F171CBBBB7C00DFCEA2 /* StylesViewController.m in Sources */ = {isa = PBXBuildFile; fileRef = 46334F161CBBBB7C00DFCEA2 /* StylesViewController.m */; };
		46334F1B1CBBBCBC00DFCEA2 /* TabControllerStyle.m in Sources */ = {isa = PBXBuildFile; fileRef = 46334F1A1CBBBCBC00DFCEA2 /* TabControllerStyle.m */; };
		4656DCFD1CFDC40A0007AB62 /* MSSTabBarCollectionViewCell.m in Sources */ = {isa = PBXBuildFile; fileRef = 4656DCE61CFDC40A0007AB62 /* MSSTabBarCollectionViewCell.m */; };
		4656DCFE1CFDC40A0007AB62 /* MSSTabBarCollectionViewCell.xib in Resources */ = {isa = PBXBuildFile; fileRef = 4656DCE71CFDC40A0007AB62 /* MSSTabBarCollectionViewCell.xib */; };
		4656DCFF1CFDC40A0007AB62 /* MSSTabBarView.m in Sources */ = {isa = PBXBuildFile; fileRef = 4656DCE91CFDC40A0007AB62 /* MSSTabBarView.m */; };
		4656DD001CFDC40A0007AB62 /* MSSTabNavigationBar.m in Sources */ = {isa = PBXBuildFile; fileRef = 4656DCED1CFDC40A0007AB62 /* MSSTabNavigationBar.m */; };
		4656DD011CFDC40A0007AB62 /* MSSPageViewController.m in Sources */ = {isa = PBXBuildFile; fileRef = 4656DCF31CFDC40A0007AB62 /* MSSPageViewController.m */; };
		4656DD021CFDC40A0007AB62 /* MSSTabbedPageViewController.m in Sources */ = {isa = PBXBuildFile; fileRef = 4656DCF51CFDC40A0007AB62 /* MSSTabbedPageViewController.m */; };
		4656DD031CFDC40A0007AB62 /* MSSCustomHeightNavigationBar.m in Sources */ = {isa = PBXBuildFile; fileRef = 4656DCF81CFDC40A0007AB62 /* MSSCustomHeightNavigationBar.m */; };
		4656DD041CFDC40A0007AB62 /* UIView+MSSAutoLayout.m in Sources */ = {isa = PBXBuildFile; fileRef = 4656DCFA1CFDC40A0007AB62 /* UIView+MSSAutoLayout.m */; };
		4656DD051CFDC40A0007AB62 /* UIViewController+MSSUtilities.m in Sources */ = {isa = PBXBuildFile; fileRef = 4656DCFC1CFDC40A0007AB62 /* UIViewController+MSSUtilities.m */; };
		D65593011C47F275000CAD99 /* AppDelegate.m in Sources */ = {isa = PBXBuildFile; fileRef = D65592F51C47F275000CAD99 /* AppDelegate.m */; };
		D65593021C47F275000CAD99 /* main.m in Sources */ = {isa = PBXBuildFile; fileRef = D65592F61C47F275000CAD99 /* main.m */; };
		D65593031C47F275000CAD99 /* Assets.xcassets in Resources */ = {isa = PBXBuildFile; fileRef = D65592F81C47F275000CAD99 /* Assets.xcassets */; };
		D65593051C47F275000CAD99 /* LaunchScreen.storyboard in Resources */ = {isa = PBXBuildFile; fileRef = D65592FA1C47F275000CAD99 /* LaunchScreen.storyboard */; };
		D65593061C47F275000CAD99 /* Main.storyboard in Resources */ = {isa = PBXBuildFile; fileRef = D65592FC1C47F275000CAD99 /* Main.storyboard */; };
		D65593071C47F275000CAD99 /* TabViewController.m in Sources */ = {isa = PBXBuildFile; fileRef = D65592FE1C47F275000CAD99 /* TabViewController.m */; };
		D65593081C47F275000CAD99 /* ChildViewController.m in Sources */ = {isa = PBXBuildFile; fileRef = D65593001C47F275000CAD99 /* ChildViewController.m */; };
/* End PBXBuildFile section */

/* Begin PBXFileReference section */
		46334F151CBBBB7C00DFCEA2 /* StylesViewController.h */ = {isa = PBXFileReference; fileEncoding = 4; lastKnownFileType = sourcecode.c.h; path = StylesViewController.h; sourceTree = "<group>"; };
		46334F161CBBBB7C00DFCEA2 /* StylesViewController.m */ = {isa = PBXFileReference; fileEncoding = 4; lastKnownFileType = sourcecode.c.objc; path = StylesViewController.m; sourceTree = "<group>"; };
		46334F191CBBBCBC00DFCEA2 /* TabControllerStyle.h */ = {isa = PBXFileReference; fileEncoding = 4; lastKnownFileType = sourcecode.c.h; path = TabControllerStyle.h; sourceTree = "<group>"; };
		46334F1A1CBBBCBC00DFCEA2 /* TabControllerStyle.m */ = {isa = PBXFileReference; fileEncoding = 4; lastKnownFileType = sourcecode.c.objc; path = TabControllerStyle.m; sourceTree = "<group>"; };
		4656DCE41CFDC40A0007AB62 /* MSSTabBarCollectionViewCell+Private.h */ = {isa = PBXFileReference; fileEncoding = 4; lastKnownFileType = sourcecode.c.h; path = "MSSTabBarCollectionViewCell+Private.h"; sourceTree = "<group>"; };
		4656DCE51CFDC40A0007AB62 /* MSSTabBarCollectionViewCell.h */ = {isa = PBXFileReference; fileEncoding = 4; lastKnownFileType = sourcecode.c.h; path = MSSTabBarCollectionViewCell.h; sourceTree = "<group>"; };
		4656DCE61CFDC40A0007AB62 /* MSSTabBarCollectionViewCell.m */ = {isa = PBXFileReference; fileEncoding = 4; lastKnownFileType = sourcecode.c.objc; path = MSSTabBarCollectionViewCell.m; sourceTree = "<group>"; };
		4656DCE71CFDC40A0007AB62 /* MSSTabBarCollectionViewCell.xib */ = {isa = PBXFileReference; fileEncoding = 4; lastKnownFileType = file.xib; path = MSSTabBarCollectionViewCell.xib; sourceTree = "<group>"; };
		4656DCE81CFDC40A0007AB62 /* MSSTabBarView.h */ = {isa = PBXFileReference; fileEncoding = 4; lastKnownFileType = sourcecode.c.h; path = MSSTabBarView.h; sourceTree = "<group>"; };
		4656DCE91CFDC40A0007AB62 /* MSSTabBarView.m */ = {isa = PBXFileReference; fileEncoding = 4; lastKnownFileType = sourcecode.c.objc; path = MSSTabBarView.m; sourceTree = "<group>"; };
		4656DCEB1CFDC40A0007AB62 /* MSSTabNavigationBar+Private.h */ = {isa = PBXFileReference; fileEncoding = 4; lastKnownFileType = sourcecode.c.h; path = "MSSTabNavigationBar+Private.h"; sourceTree = "<group>"; };
		4656DCEC1CFDC40A0007AB62 /* MSSTabNavigationBar.h */ = {isa = PBXFileReference; fileEncoding = 4; lastKnownFileType = sourcecode.c.h; path = MSSTabNavigationBar.h; sourceTree = "<group>"; };
		4656DCED1CFDC40A0007AB62 /* MSSTabNavigationBar.m */ = {isa = PBXFileReference; fileEncoding = 4; lastKnownFileType = sourcecode.c.objc; path = MSSTabNavigationBar.m; sourceTree = "<group>"; };
		4656DCEE1CFDC40A0007AB62 /* MSSTabSizingStyle.h */ = {isa = PBXFileReference; fileEncoding = 4; lastKnownFileType = sourcecode.c.h; path = MSSTabSizingStyle.h; sourceTree = "<group>"; };
		4656DCEF1CFDC40A0007AB62 /* MSSTabStyle.h */ = {isa = PBXFileReference; fileEncoding = 4; lastKnownFileType = sourcecode.c.h; path = MSSTabStyle.h; sourceTree = "<group>"; };
		4656DCF11CFDC40A0007AB62 /* MSSPageViewController+Private.h */ = {isa = PBXFileReference; fileEncoding = 4; lastKnownFileType = sourcecode.c.h; path = "MSSPageViewController+Private.h"; sourceTree = "<group>"; };
		4656DCF21CFDC40A0007AB62 /* MSSPageViewController.h */ = {isa = PBXFileReference; fileEncoding = 4; lastKnownFileType = sourcecode.c.h; path = MSSPageViewController.h; sourceTree = "<group>"; };
		4656DCF31CFDC40A0007AB62 /* MSSPageViewController.m */ = {isa = PBXFileReference; fileEncoding = 4; lastKnownFileType = sourcecode.c.objc; path = MSSPageViewController.m; sourceTree = "<group>"; };
		4656DCF41CFDC40A0007AB62 /* MSSTabbedPageViewController.h */ = {isa = PBXFileReference; fileEncoding = 4; lastKnownFileType = sourcecode.c.h; path = MSSTabbedPageViewController.h; sourceTree = "<group>"; };
		4656DCF51CFDC40A0007AB62 /* MSSTabbedPageViewController.m */ = {isa = PBXFileReference; fileEncoding = 4; lastKnownFileType = sourcecode.c.objc; path = MSSTabbedPageViewController.m; sourceTree = "<group>"; };
		4656DCF71CFDC40A0007AB62 /* MSSCustomHeightNavigationBar.h */ = {isa = PBXFileReference; fileEncoding = 4; lastKnownFileType = sourcecode.c.h; path = MSSCustomHeightNavigationBar.h; sourceTree = "<group>"; };
		4656DCF81CFDC40A0007AB62 /* MSSCustomHeightNavigationBar.m */ = {isa = PBXFileReference; fileEncoding = 4; lastKnownFileType = sourcecode.c.objc; path = MSSCustomHeightNavigationBar.m; sourceTree = "<group>"; };
		4656DCF91CFDC40A0007AB62 /* UIView+MSSAutoLayout.h */ = {isa = PBXFileReference; fileEncoding = 4; lastKnownFileType = sourcecode.c.h; path = "UIView+MSSAutoLayout.h"; sourceTree = "<group>"; };
		4656DCFA1CFDC40A0007AB62 /* UIView+MSSAutoLayout.m */ = {isa = PBXFileReference; fileEncoding = 4; lastKnownFileType = sourcecode.c.objc; path = "UIView+MSSAutoLayout.m"; sourceTree = "<group>"; };
		4656DCFB1CFDC40A0007AB62 /* UIViewController+MSSUtilities.h */ = {isa = PBXFileReference; fileEncoding = 4; lastKnownFileType = sourcecode.c.h; path = "UIViewController+MSSUtilities.h"; sourceTree = "<group>"; };
		4656DCFC1CFDC40A0007AB62 /* UIViewController+MSSUtilities.m */ = {isa = PBXFileReference; fileEncoding = 4; lastKnownFileType = sourcecode.c.objc; path = "UIViewController+MSSUtilities.m"; sourceTree = "<group>"; };
		46FA81BF1C2C18FE0020BB60 /* Example.app */ = {isa = PBXFileReference; explicitFileType = wrapper.application; includeInIndex = 0; path = Example.app; sourceTree = BUILT_PRODUCTS_DIR; };
		D65592F41C47F275000CAD99 /* AppDelegate.h */ = {isa = PBXFileReference; fileEncoding = 4; lastKnownFileType = sourcecode.c.h; path = AppDelegate.h; sourceTree = "<group>"; };
		D65592F51C47F275000CAD99 /* AppDelegate.m */ = {isa = PBXFileReference; fileEncoding = 4; lastKnownFileType = sourcecode.c.objc; path = AppDelegate.m; sourceTree = "<group>"; };
		D65592F61C47F275000CAD99 /* main.m */ = {isa = PBXFileReference; fileEncoding = 4; lastKnownFileType = sourcecode.c.objc; path = main.m; sourceTree = "<group>"; };
		D65592F81C47F275000CAD99 /* Assets.xcassets */ = {isa = PBXFileReference; lastKnownFileType = folder.assetcatalog; path = Assets.xcassets; sourceTree = "<group>"; };
		D65592F91C47F275000CAD99 /* Info.plist */ = {isa = PBXFileReference; fileEncoding = 4; lastKnownFileType = text.plist.xml; path = Info.plist; sourceTree = "<group>"; };
		D65592FA1C47F275000CAD99 /* LaunchScreen.storyboard */ = {isa = PBXFileReference; fileEncoding = 4; lastKnownFileType = file.storyboard; path = LaunchScreen.storyboard; sourceTree = "<group>"; };
		D65592FC1C47F275000CAD99 /* Main.storyboard */ = {isa = PBXFileReference; fileEncoding = 4; lastKnownFileType = file.storyboard; path = Main.storyboard; sourceTree = "<group>"; };
		D65592FD1C47F275000CAD99 /* TabViewController.h */ = {isa = PBXFileReference; fileEncoding = 4; lastKnownFileType = sourcecode.c.h; path = TabViewController.h; sourceTree = "<group>"; };
		D65592FE1C47F275000CAD99 /* TabViewController.m */ = {isa = PBXFileReference; fileEncoding = 4; lastKnownFileType = sourcecode.c.objc; path = TabViewController.m; sourceTree = "<group>"; };
		D65592FF1C47F275000CAD99 /* ChildViewController.h */ = {isa = PBXFileReference; fileEncoding = 4; lastKnownFileType = sourcecode.c.h; path = ChildViewController.h; sourceTree = "<group>"; };
		D65593001C47F275000CAD99 /* ChildViewController.m */ = {isa = PBXFileReference; fileEncoding = 4; lastKnownFileType = sourcecode.c.objc; path = ChildViewController.m; sourceTree = "<group>"; };
/* End PBXFileReference section */

/* Begin PBXFrameworksBuildPhase section */
		46FA81BC1C2C18FE0020BB60 /* Frameworks */ = {
			isa = PBXFrameworksBuildPhase;
			buildActionMask = 2147483647;
			files = (
			);
			runOnlyForDeploymentPostprocessing = 0;
		};
/* End PBXFrameworksBuildPhase section */

/* Begin PBXGroup section */
		46334F181CBBBC9E00DFCEA2 /* Model */ = {
			isa = PBXGroup;
			children = (
				46334F191CBBBCBC00DFCEA2 /* TabControllerStyle.h */,
				46334F1A1CBBBCBC00DFCEA2 /* TabControllerStyle.m */,
			);
			path = Model;
			sourceTree = "<group>";
		};
		4656DCE11CFDC40A0007AB62 /* MSSTabbedPageViewController */ = {
			isa = PBXGroup;
			children = (
				4656DCE21CFDC40A0007AB62 /* Components */,
				4656DCF01CFDC40A0007AB62 /* MSSPageViewController */,
				4656DCF41CFDC40A0007AB62 /* MSSTabbedPageViewController.h */,
				4656DCF51CFDC40A0007AB62 /* MSSTabbedPageViewController.m */,
				4656DCF61CFDC40A0007AB62 /* Utilities */,
			);
			name = MSSTabbedPageViewController;
			path = ../../MSSTabbedPageViewController;
			sourceTree = "<group>";
		};
		4656DCE21CFDC40A0007AB62 /* Components */ = {
			isa = PBXGroup;
			children = (
				4656DCE31CFDC40A0007AB62 /* MSSTabBarView */,
			);
			path = Components;
			sourceTree = "<group>";
		};
		4656DCE31CFDC40A0007AB62 /* MSSTabBarView */ = {
			isa = PBXGroup;
			children = (
				4656DCEA1CFDC40A0007AB62 /* MSSTabNavigationBar */,
				4656DCE41CFDC40A0007AB62 /* MSSTabBarCollectionViewCell+Private.h */,
				4656DCE51CFDC40A0007AB62 /* MSSTabBarCollectionViewCell.h */,
				4656DCE61CFDC40A0007AB62 /* MSSTabBarCollectionViewCell.m */,
				4656DCE71CFDC40A0007AB62 /* MSSTabBarCollectionViewCell.xib */,
				4656DCE81CFDC40A0007AB62 /* MSSTabBarView.h */,
				4656DCE91CFDC40A0007AB62 /* MSSTabBarView.m */,
				4656DCEE1CFDC40A0007AB62 /* MSSTabSizingStyle.h */,
				4656DCEF1CFDC40A0007AB62 /* MSSTabStyle.h */,
			);
			path = MSSTabBarView;
			sourceTree = "<group>";
		};
		4656DCEA1CFDC40A0007AB62 /* MSSTabNavigationBar */ = {
			isa = PBXGroup;
			children = (
				4656DCEB1CFDC40A0007AB62 /* MSSTabNavigationBar+Private.h */,
				4656DCEC1CFDC40A0007AB62 /* MSSTabNavigationBar.h */,
				4656DCED1CFDC40A0007AB62 /* MSSTabNavigationBar.m */,
			);
			path = MSSTabNavigationBar;
			sourceTree = "<group>";
		};
		4656DCF01CFDC40A0007AB62 /* MSSPageViewController */ = {
			isa = PBXGroup;
			children = (
				4656DCF11CFDC40A0007AB62 /* MSSPageViewController+Private.h */,
				4656DCF21CFDC40A0007AB62 /* MSSPageViewController.h */,
				4656DCF31CFDC40A0007AB62 /* MSSPageViewController.m */,
			);
			path = MSSPageViewController;
			sourceTree = "<group>";
		};
		4656DCF61CFDC40A0007AB62 /* Utilities */ = {
			isa = PBXGroup;
			children = (
				4656DCF71CFDC40A0007AB62 /* MSSCustomHeightNavigationBar.h */,
				4656DCF81CFDC40A0007AB62 /* MSSCustomHeightNavigationBar.m */,
				4656DCF91CFDC40A0007AB62 /* UIView+MSSAutoLayout.h */,
				4656DCFA1CFDC40A0007AB62 /* UIView+MSSAutoLayout.m */,
				4656DCFB1CFDC40A0007AB62 /* UIViewController+MSSUtilities.h */,
				4656DCFC1CFDC40A0007AB62 /* UIViewController+MSSUtilities.m */,
			);
			path = Utilities;
			sourceTree = "<group>";
		};
		46FA81B61C2C18FE0020BB60 = {
			isa = PBXGroup;
			children = (
				D65592F31C47F275000CAD99 /* Paged Tabs Example */,
				4656DCE11CFDC40A0007AB62 /* MSSTabbedPageViewController */,
				46FA81C01C2C18FE0020BB60 /* Products */,
			);
			sourceTree = "<group>";
		};
		46FA81C01C2C18FE0020BB60 /* Products */ = {
			isa = PBXGroup;
			children = (
				46FA81BF1C2C18FE0020BB60 /* Example.app */,
			);
			name = Products;
			sourceTree = "<group>";
		};
		D65592F31C47F275000CAD99 /* Paged Tabs Example */ = {
			isa = PBXGroup;
			children = (
				D65592F41C47F275000CAD99 /* AppDelegate.h */,
				D65592F51C47F275000CAD99 /* AppDelegate.m */,
				D65592F71C47F275000CAD99 /* Resources */,
				46334F181CBBBC9E00DFCEA2 /* Model */,
				D65592FB1C47F275000CAD99 /* Screens */,
				D65593091C47F27A000CAD99 /* Supporting Files */,
			);
			path = "Paged Tabs Example";
			sourceTree = "<group>";
		};
		D65592F71C47F275000CAD99 /* Resources */ = {
			isa = PBXGroup;
			children = (
				D65592F81C47F275000CAD99 /* Assets.xcassets */,
				D65592F91C47F275000CAD99 /* Info.plist */,
				D65592FA1C47F275000CAD99 /* LaunchScreen.storyboard */,
			);
			path = Resources;
			sourceTree = "<group>";
		};
		D65592FB1C47F275000CAD99 /* Screens */ = {
			isa = PBXGroup;
			children = (
				D65592FC1C47F275000CAD99 /* Main.storyboard */,
				46334F151CBBBB7C00DFCEA2 /* StylesViewController.h */,
				46334F161CBBBB7C00DFCEA2 /* StylesViewController.m */,
				D65592FD1C47F275000CAD99 /* TabViewController.h */,
				D65592FE1C47F275000CAD99 /* TabViewController.m */,
				D65592FF1C47F275000CAD99 /* ChildViewController.h */,
				D65593001C47F275000CAD99 /* ChildViewController.m */,
			);
			path = Screens;
			sourceTree = "<group>";
		};
		D65593091C47F27A000CAD99 /* Supporting Files */ = {
			isa = PBXGroup;
			children = (
				D65592F61C47F275000CAD99 /* main.m */,
			);
			name = "Supporting Files";
			sourceTree = "<group>";
		};
/* End PBXGroup section */

/* Begin PBXNativeTarget section */
		46FA81BE1C2C18FE0020BB60 /* Paged Tabs Example */ = {
			isa = PBXNativeTarget;
			buildConfigurationList = 46FA81D61C2C18FE0020BB60 /* Build configuration list for PBXNativeTarget "Paged Tabs Example" */;
			buildPhases = (
				46FA81BB1C2C18FE0020BB60 /* Sources */,
				46FA81BC1C2C18FE0020BB60 /* Frameworks */,
				46FA81BD1C2C18FE0020BB60 /* Resources */,
			);
			buildRules = (
			);
			dependencies = (
			);
			name = "Paged Tabs Example";
			productName = TabbedPageViewController;
			productReference = 46FA81BF1C2C18FE0020BB60 /* Example.app */;
			productType = "com.apple.product-type.application";
		};
/* End PBXNativeTarget section */

/* Begin PBXProject section */
		46FA81B71C2C18FE0020BB60 /* Project object */ = {
			isa = PBXProject;
			attributes = {
				CLASSPREFIX = MSS;
				LastUpgradeCheck = 0720;
				ORGANIZATIONNAME = "Merrick Sapsford";
				TargetAttributes = {
					46FA81BE1C2C18FE0020BB60 = {
						CreatedOnToolsVersion = 7.0;
					};
				};
			};
			buildConfigurationList = 46FA81BA1C2C18FE0020BB60 /* Build configuration list for PBXProject "Paged Tabs Example" */;
			compatibilityVersion = "Xcode 3.2";
			developmentRegion = English;
			hasScannedForEncodings = 0;
			knownRegions = (
				en,
				Base,
			);
			mainGroup = 46FA81B61C2C18FE0020BB60;
			productRefGroup = 46FA81C01C2C18FE0020BB60 /* Products */;
			projectDirPath = "";
			projectRoot = "";
			targets = (
				46FA81BE1C2C18FE0020BB60 /* Paged Tabs Example */,
			);
		};
/* End PBXProject section */

/* Begin PBXResourcesBuildPhase section */
		46FA81BD1C2C18FE0020BB60 /* Resources */ = {
			isa = PBXResourcesBuildPhase;
			buildActionMask = 2147483647;
			files = (
				D65593051C47F275000CAD99 /* LaunchScreen.storyboard in Resources */,
				D65593031C47F275000CAD99 /* Assets.xcassets in Resources */,
				4656DCFE1CFDC40A0007AB62 /* MSSTabBarCollectionViewCell.xib in Resources */,
				D65593061C47F275000CAD99 /* Main.storyboard in Resources */,
			);
			runOnlyForDeploymentPostprocessing = 0;
		};
/* End PBXResourcesBuildPhase section */

/* Begin PBXSourcesBuildPhase section */
		46FA81BB1C2C18FE0020BB60 /* Sources */ = {
			isa = PBXSourcesBuildPhase;
			buildActionMask = 2147483647;
			files = (
				D65593071C47F275000CAD99 /* TabViewController.m in Sources */,
				D65593021C47F275000CAD99 /* main.m in Sources */,
				4656DD041CFDC40A0007AB62 /* UIView+MSSAutoLayout.m in Sources */,
				46334F1B1CBBBCBC00DFCEA2 /* TabControllerStyle.m in Sources */,
				4656DCFD1CFDC40A0007AB62 /* MSSTabBarCollectionViewCell.m in Sources */,
				4656DCFF1CFDC40A0007AB62 /* MSSTabBarView.m in Sources */,
				4656DD031CFDC40A0007AB62 /* MSSCustomHeightNavigationBar.m in Sources */,
				4656DD051CFDC40A0007AB62 /* UIViewController+MSSUtilities.m in Sources */,
				4656DD001CFDC40A0007AB62 /* MSSTabNavigationBar.m in Sources */,
				D65593081C47F275000CAD99 /* ChildViewController.m in Sources */,
				4656DD021CFDC40A0007AB62 /* MSSTabbedPageViewController.m in Sources */,
				4656DD011CFDC40A0007AB62 /* MSSPageViewController.m in Sources */,
				46334F171CBBBB7C00DFCEA2 /* StylesViewController.m in Sources */,
				D65593011C47F275000CAD99 /* AppDelegate.m in Sources */,
			);
			runOnlyForDeploymentPostprocessing = 0;
		};
/* End PBXSourcesBuildPhase section */

/* Begin XCBuildConfiguration section */
		46FA81D41C2C18FE0020BB60 /* Debug */ = {
			isa = XCBuildConfiguration;
			buildSettings = {
				ALWAYS_SEARCH_USER_PATHS = NO;
				CLANG_CXX_LANGUAGE_STANDARD = "gnu++0x";
				CLANG_CXX_LIBRARY = "libc++";
				CLANG_ENABLE_MODULES = YES;
				CLANG_ENABLE_OBJC_ARC = YES;
				CLANG_WARN_BOOL_CONVERSION = YES;
				CLANG_WARN_CONSTANT_CONVERSION = YES;
				CLANG_WARN_DIRECT_OBJC_ISA_USAGE = YES_ERROR;
				CLANG_WARN_EMPTY_BODY = YES;
				CLANG_WARN_ENUM_CONVERSION = YES;
				CLANG_WARN_INT_CONVERSION = YES;
				CLANG_WARN_OBJC_ROOT_CLASS = YES_ERROR;
				CLANG_WARN_UNREACHABLE_CODE = YES;
				CLANG_WARN__DUPLICATE_METHOD_MATCH = YES;
				"CODE_SIGN_IDENTITY[sdk=iphoneos*]" = "iPhone Developer";
				COPY_PHASE_STRIP = NO;
				DEBUG_INFORMATION_FORMAT = dwarf;
				ENABLE_STRICT_OBJC_MSGSEND = YES;
				ENABLE_TESTABILITY = YES;
				GCC_C_LANGUAGE_STANDARD = gnu99;
				GCC_DYNAMIC_NO_PIC = NO;
				GCC_NO_COMMON_BLOCKS = YES;
				GCC_OPTIMIZATION_LEVEL = 0;
				GCC_PREPROCESSOR_DEFINITIONS = (
					"DEBUG=1",
					"$(inherited)",
				);
				GCC_WARN_64_TO_32_BIT_CONVERSION = YES;
				GCC_WARN_ABOUT_RETURN_TYPE = YES_ERROR;
				GCC_WARN_UNDECLARED_SELECTOR = YES;
				GCC_WARN_UNINITIALIZED_AUTOS = YES_AGGRESSIVE;
				GCC_WARN_UNUSED_FUNCTION = YES;
				GCC_WARN_UNUSED_VARIABLE = YES;
				IPHONEOS_DEPLOYMENT_TARGET = 9.0;
				MTL_ENABLE_DEBUG_INFO = YES;
				ONLY_ACTIVE_ARCH = YES;
				SDKROOT = iphoneos;
				TARGETED_DEVICE_FAMILY = "1,2";
			};
			name = Debug;
		};
		46FA81D51C2C18FE0020BB60 /* Release */ = {
			isa = XCBuildConfiguration;
			buildSettings = {
				ALWAYS_SEARCH_USER_PATHS = NO;
				CLANG_CXX_LANGUAGE_STANDARD = "gnu++0x";
				CLANG_CXX_LIBRARY = "libc++";
				CLANG_ENABLE_MODULES = YES;
				CLANG_ENABLE_OBJC_ARC = YES;
				CLANG_WARN_BOOL_CONVERSION = YES;
				CLANG_WARN_CONSTANT_CONVERSION = YES;
				CLANG_WARN_DIRECT_OBJC_ISA_USAGE = YES_ERROR;
				CLANG_WARN_EMPTY_BODY = YES;
				CLANG_WARN_ENUM_CONVERSION = YES;
				CLANG_WARN_INT_CONVERSION = YES;
				CLANG_WARN_OBJC_ROOT_CLASS = YES_ERROR;
				CLANG_WARN_UNREACHABLE_CODE = YES;
				CLANG_WARN__DUPLICATE_METHOD_MATCH = YES;
				"CODE_SIGN_IDENTITY[sdk=iphoneos*]" = "iPhone Developer";
				COPY_PHASE_STRIP = NO;
				DEBUG_INFORMATION_FORMAT = "dwarf-with-dsym";
				ENABLE_NS_ASSERTIONS = NO;
				ENABLE_STRICT_OBJC_MSGSEND = YES;
				GCC_C_LANGUAGE_STANDARD = gnu99;
				GCC_NO_COMMON_BLOCKS = YES;
				GCC_WARN_64_TO_32_BIT_CONVERSION = YES;
				GCC_WARN_ABOUT_RETURN_TYPE = YES_ERROR;
				GCC_WARN_UNDECLARED_SELECTOR = YES;
				GCC_WARN_UNINITIALIZED_AUTOS = YES_AGGRESSIVE;
				GCC_WARN_UNUSED_FUNCTION = YES;
				GCC_WARN_UNUSED_VARIABLE = YES;
				IPHONEOS_DEPLOYMENT_TARGET = 9.0;
				MTL_ENABLE_DEBUG_INFO = NO;
				SDKROOT = iphoneos;
				TARGETED_DEVICE_FAMILY = "1,2";
				VALIDATE_PRODUCT = YES;
			};
			name = Release;
		};
		46FA81D71C2C18FE0020BB60 /* Debug */ = {
			isa = XCBuildConfiguration;
			buildSettings = {
				ASSETCATALOG_COMPILER_APPICON_NAME = AppIcon;
				INFOPLIST_FILE = "$(SRCROOT)/Paged Tabs Example/Resources/Info.plist";
				IPHONEOS_DEPLOYMENT_TARGET = 8.0;
				LD_RUNPATH_SEARCH_PATHS = "$(inherited) @executable_path/Frameworks";
				PRODUCT_BUNDLE_IDENTIFIER = com.msapsford.pagedTabsExample;
				PRODUCT_NAME = Example;
			};
			name = Debug;
		};
		46FA81D81C2C18FE0020BB60 /* Release */ = {
			isa = XCBuildConfiguration;
			buildSettings = {
				ASSETCATALOG_COMPILER_APPICON_NAME = AppIcon;
				INFOPLIST_FILE = "$(SRCROOT)/Paged Tabs Example/Resources/Info.plist";
				IPHONEOS_DEPLOYMENT_TARGET = 8.0;
				LD_RUNPATH_SEARCH_PATHS = "$(inherited) @executable_path/Frameworks";
				PRODUCT_BUNDLE_IDENTIFIER = com.msapsford.pagedTabsExample;
				PRODUCT_NAME = Example;
			};
			name = Release;
		};
/* End XCBuildConfiguration section */

/* Begin XCConfigurationList section */
		46FA81BA1C2C18FE0020BB60 /* Build configuration list for PBXProject "Paged Tabs Example" */ = {
			isa = XCConfigurationList;
			buildConfigurations = (
				46FA81D41C2C18FE0020BB60 /* Debug */,
				46FA81D51C2C18FE0020BB60 /* Release */,
			);
			defaultConfigurationIsVisible = 0;
			defaultConfigurationName = Release;
		};
		46FA81D61C2C18FE0020BB60 /* Build configuration list for PBXNativeTarget "Paged Tabs Example" */ = {
			isa = XCConfigurationList;
			buildConfigurations = (
				46FA81D71C2C18FE0020BB60 /* Debug */,
				46FA81D81C2C18FE0020BB60 /* Release */,
			);
			defaultConfigurationIsVisible = 0;
			defaultConfigurationName = Release;
		};
/* End XCConfigurationList section */
	};
	rootObject = 46FA81B71C2C18FE0020BB60 /* Project object */;
}
