PODS:
  - MSSTabbedPageViewController (0.3.2)

DEPENDENCIES:
  - MSSTabbedPageViewController (from `../../`)

EXTERNAL SOURCES:
  MSSTabbedPageViewController:
    :path: ../../

SPEC CHECKSUMS:
  MSSTabbedPageViewController: 87c509e5e4eba1fdfae557b627ade719ce637bc3

PODFILE CHECKSUM: 1f7f2561a204ec5f8d03bd3a20ad12e2e6514322

COCOAPODS: 1.0.1
