PODS:
  - MSSTabbedPageViewController (0.3.3)

DEPENDENCIES:
  - MSSTabbedPageViewController (from `../../`)

EXTERNAL SOURCES:
  MSSTabbedPageViewController:
    :path: ../../

SPEC CHECKSUMS:
  MSSTabbedPageViewController: 4b3e78e61162329e0c024c80959ac321c354063d

PODFILE CHECKSUM: 1f7f2561a204ec5f8d03bd3a20ad12e2e6514322

COCOAPODS: 1.0.1
