PODS:
  - MSSTabbedPageViewController (0.3.6)

DEPENDENCIES:
  - MSSTabbedPageViewController (from `../../`)

EXTERNAL SOURCES:
  MSSTabbedPageViewController:
    :path: ../../

SPEC CHECKSUMS:
  MSSTabbedPageViewController: 5b9b64250f25ee6a05c45702b3c251843818147b

PODFILE CHECKSUM: 1f7f2561a204ec5f8d03bd3a20ad12e2e6514322

COCOAPODS: 1.0.1
